
Microsoft Visual Studio Solution File, Format Version 12.00
# Visual Studio Version 17
VisualStudioVersion = 17.5.33414.496
MinimumVisualStudioVersion = 10.0.40219.1
Project("{FAE04EC0-301F-11D3-BF4B-00C04F79EFBC}") = "DropIcons", "DropIcons\DropIcons.csproj", "{EE3A8E4D-2C32-466A-8AFF-0024435D27E1}"
EndProject
Global
	GlobalSection(SolutionConfigurationPlatforms) = preSolution
		Debug|Any CPU = Debug|Any CPU
		Release|Any CPU = Release|Any CPU
	EndGlobalSection
	GlobalSection(ProjectConfigurationPlatforms) = postSolution
		{EE3A8E4D-2C32-466A-8AFF-0024435D27E1}.Debug|Any CPU.ActiveCfg = Debug|Any CPU
		{EE3A8E4D-2C32-466A-8AFF-0024435D27E1}.Debug|Any CPU.Build.0 = Debug|Any CPU
		{EE3A8E4D-2C32-466A-8AFF-0024435D27E1}.Release|Any CPU.ActiveCfg = Release|Any CPU
		{EE3A8E4D-2C32-466A-8AFF-0024435D27E1}.Release|Any CPU.Build.0 = Release|Any CPU
	EndGlobalSection
	GlobalSection(SolutionProperties) = preSolution
		HideSolutionNode = FALSE
	EndGlobalSection
	GlobalSection(ExtensibilityGlobals) = postSolution
		SolutionGuid = {D07D3C5C-F091-442C-9F48-159FF253582C}
	EndGlobalSection
EndGlobal
